
Microsoft Visual Studio Solution File, Format Version 12.00
# Visual Studio Version 16
VisualStudioVersion = 16.0.30611.23
MinimumVisualStudioVersion = 10.0.40219.1
Project("{FAE04EC0-301F-11D3-BF4B-00C04F79EFBC}") = "KPO", "KPO.csproj", "{AB2D4C7C-7B9F-4E92-BA54-B99A4BC8705B}"
EndProject
Project("{9A19103F-16F7-4668-BE54-9A1E7A4F7556}") = "Reflection", "Reflection\Reflection.csproj", "{1201758C-EF57-4A9C-8B3E-1E54EBF4ED83}"
EndProject
Project("{9A19103F-16F7-4668-BE54-9A1E7A4F7556}") = "ReversePlugin", "ReversePlugin\ReversePlugin.csproj", "{C3F613F0-3656-46C8-BC03-92933CFDF966}"
EndProject
Global
	GlobalSection(SolutionConfigurationPlatforms) = preSolution
		Debug|Any CPU = Debug|Any CPU
		Release|Any CPU = Release|Any CPU
	EndGlobalSection
	GlobalSection(ProjectConfigurationPlatforms) = postSolution
		{AB2D4C7C-7B9F-4E92-BA54-B99A4BC8705B}.Debug|Any CPU.ActiveCfg = Debug|Any CPU
		{AB2D4C7C-7B9F-4E92-BA54-B99A4BC8705B}.Debug|Any CPU.Build.0 = Debug|Any CPU
		{AB2D4C7C-7B9F-4E92-BA54-B99A4BC8705B}.Release|Any CPU.ActiveCfg = Release|Any CPU
		{AB2D4C7C-7B9F-4E92-BA54-B99A4BC8705B}.Release|Any CPU.Build.0 = Release|Any CPU
		{1201758C-EF57-4A9C-8B3E-1E54EBF4ED83}.Debug|Any CPU.ActiveCfg = Debug|Any CPU
		{1201758C-EF57-4A9C-8B3E-1E54EBF4ED83}.Debug|Any CPU.Build.0 = Debug|Any CPU
		{1201758C-EF57-4A9C-8B3E-1E54EBF4ED83}.Release|Any CPU.ActiveCfg = Release|Any CPU
		{1201758C-EF57-4A9C-8B3E-1E54EBF4ED83}.Release|Any CPU.Build.0 = Release|Any CPU
		{C3F613F0-3656-46C8-BC03-92933CFDF966}.Debug|Any CPU.ActiveCfg = Debug|Any CPU
		{C3F613F0-3656-46C8-BC03-92933CFDF966}.Debug|Any CPU.Build.0 = Debug|Any CPU
		{C3F613F0-3656-46C8-BC03-92933CFDF966}.Release|Any CPU.ActiveCfg = Release|Any CPU
		{C3F613F0-3656-46C8-BC03-92933CFDF966}.Release|Any CPU.Build.0 = Release|Any CPU
	EndGlobalSection
	GlobalSection(SolutionProperties) = preSolution
		HideSolutionNode = FALSE
	EndGlobalSection
	GlobalSection(ExtensibilityGlobals) = postSolution
		SolutionGuid = {DACB48FA-162A-4F3A-B246-D8E3DADCB780}
	EndGlobalSection
EndGlobal
